// !$*UTF8*$!
{
	archiveVersion = 1;
	classes = {
	};
	objectVersion = 51;
	objects = {

/* Begin PBXBuildFile section */
		1370AFA8267F698CF8087B86 /* Pods_weather_app.framework in Frameworks */ = {isa = PBXBuildFile; fileRef = 78F6F3D474072218692398C6 /* Pods_weather_app.framework */; };
		B910AB3123AEBB8B001140ED /* DayWeatherBuilder.m in Sources */ = {isa = PBXBuildFile; fileRef = B910AB3023AEBB8B001140ED /* DayWeatherBuilder.m */; };
		B951ED2D23B0B45100F35756 /* NetworkManager.m in Sources */ = {isa = PBXBuildFile; fileRef = B951ED2C23B0B45100F35756 /* NetworkManager.m */; };
		B951ED3123B0B46B00F35756 /* WeatherProvider.m in Sources */ = {isa = PBXBuildFile; fileRef = B951ED3023B0B46B00F35756 /* WeatherProvider.m */; };
		B954045F23AFEBD0005B51B6 /* StartScreenView.m in Sources */ = {isa = PBXBuildFile; fileRef = B9DC194623AEBF510092FEEA /* StartScreenView.m */; };
		B954046023AFEC18005B51B6 /* StartScreenModel.m in Sources */ = {isa = PBXBuildFile; fileRef = B9DC194323AEBF370092FEEA /* StartScreenModel.m */; };
		B954046323AFF1EF005B51B6 /* StartScreenBuilder.m in Sources */ = {isa = PBXBuildFile; fileRef = B954046223AFF1EF005B51B6 /* StartScreenBuilder.m */; };
		B954046723B049CF005B51B6 /* MonthWeatherView.m in Sources */ = {isa = PBXBuildFile; fileRef = B954046623B049CF005B51B6 /* MonthWeatherView.m */; };
		B954046C23B04A03005B51B6 /* MonthWeatherModel.m in Sources */ = {isa = PBXBuildFile; fileRef = B954046B23B04A03005B51B6 /* MonthWeatherModel.m */; };
		B954047023B04A16005B51B6 /* MonthWeatherPresenter.m in Sources */ = {isa = PBXBuildFile; fileRef = B954046F23B04A16005B51B6 /* MonthWeatherPresenter.m */; };
		B954047423B04A2A005B51B6 /* MonthWeatherBuilder.m in Sources */ = {isa = PBXBuildFile; fileRef = B954047323B04A2A005B51B6 /* MonthWeatherBuilder.m */; };
		B984E0C923B572EB00E62DF3 /* HistoryView.m in Sources */ = {isa = PBXBuildFile; fileRef = B984E0C823B572EB00E62DF3 /* HistoryView.m */; };
		B984E0CC23B5736F00E62DF3 /* DatabaseManager.m in Sources */ = {isa = PBXBuildFile; fileRef = B984E0CB23B5736F00E62DF3 /* DatabaseManager.m */; };
		B984E0D023B5739600E62DF3 /* HistoryProvider.m in Sources */ = {isa = PBXBuildFile; fileRef = B984E0CF23B5739600E62DF3 /* HistoryProvider.m */; };
		B984E0D423B5745800E62DF3 /* DayWeather.m in Sources */ = {isa = PBXBuildFile; fileRef = B984E0D323B5745800E62DF3 /* DayWeather.m */; };
		B99C962F23B3ADB400E7D433 /* DayWeatherInfo.m in Sources */ = {isa = PBXBuildFile; fileRef = B99C962E23B3ADB400E7D433 /* DayWeatherInfo.m */; };
		B99C963623B534C500E7D433 /* MonthTableViewCell.m in Sources */ = {isa = PBXBuildFile; fileRef = B99C963423B534C500E7D433 /* MonthTableViewCell.m */; };
		B99C963723B534C500E7D433 /* MonthTableViewCell.xib in Resources */ = {isa = PBXBuildFile; fileRef = B99C963523B534C500E7D433 /* MonthTableViewCell.xib */; };
		B99C964023B53AF500E7D433 /* HistoryModel.m in Sources */ = {isa = PBXBuildFile; fileRef = B99C963F23B53AF500E7D433 /* HistoryModel.m */; };
		B99C964423B53B0D00E7D433 /* HistoryPresenter.m in Sources */ = {isa = PBXBuildFile; fileRef = B99C964323B53B0D00E7D433 /* HistoryPresenter.m */; };
		B99C964823B53B2000E7D433 /* HistoryBuilder.m in Sources */ = {isa = PBXBuildFile; fileRef = B99C964723B53B2000E7D433 /* HistoryBuilder.m */; };
		B99C965D23B5402800E7D433 /* HistoryTableViewCell.m in Sources */ = {isa = PBXBuildFile; fileRef = B99C965B23B5402800E7D433 /* HistoryTableViewCell.m */; };
		B99C965E23B5402800E7D433 /* HistoryTableViewCell.xib in Resources */ = {isa = PBXBuildFile; fileRef = B99C965C23B5402800E7D433 /* HistoryTableViewCell.xib */; };
		B99D854123ABF044007B118D /* AppDelegate.m in Sources */ = {isa = PBXBuildFile; fileRef = B99D854023ABF044007B118D /* AppDelegate.m */; };
		B99D854423ABF044007B118D /* SceneDelegate.m in Sources */ = {isa = PBXBuildFile; fileRef = B99D854323ABF044007B118D /* SceneDelegate.m */; };
		B99D854A23ABF044007B118D /* Main.storyboard in Resources */ = {isa = PBXBuildFile; fileRef = B99D854823ABF044007B118D /* Main.storyboard */; };
		B99D854C23ABF046007B118D /* Assets.xcassets in Resources */ = {isa = PBXBuildFile; fileRef = B99D854B23ABF046007B118D /* Assets.xcassets */; };
		B99D854F23ABF046007B118D /* LaunchScreen.storyboard in Resources */ = {isa = PBXBuildFile; fileRef = B99D854D23ABF046007B118D /* LaunchScreen.storyboard */; };
		B99D855223ABF046007B118D /* main.m in Sources */ = {isa = PBXBuildFile; fileRef = B99D855123ABF046007B118D /* main.m */; };
		B99D856423ABF538007B118D /* StartScreenPresenter.m in Sources */ = {isa = PBXBuildFile; fileRef = B99D856323ABF538007B118D /* StartScreenPresenter.m */; };
		B99D856723ABFB37007B118D /* CitiesProvider.m in Sources */ = {isa = PBXBuildFile; fileRef = B99D856623ABFB37007B118D /* CitiesProvider.m */; };
		B9A926D123AE55F800E816F8 /* DayWeatherView.m in Sources */ = {isa = PBXBuildFile; fileRef = B9A926D023AE55F800E816F8 /* DayWeatherView.m */; };
		B9A926D623AE562600E816F8 /* DayWeatherModel.m in Sources */ = {isa = PBXBuildFile; fileRef = B9A926D523AE562600E816F8 /* DayWeatherModel.m */; };
		B9A926DA23AE563D00E816F8 /* DayWeatherPresenter.m in Sources */ = {isa = PBXBuildFile; fileRef = B9A926D923AE563D00E816F8 /* DayWeatherPresenter.m */; };
/* End PBXBuildFile section */

/* Begin PBXFileReference section */
		4CDD3F1A95AA80B44BE46A6A /* Pods-weather-app.release.xcconfig */ = {isa = PBXFileReference; includeInIndex = 1; lastKnownFileType = text.xcconfig; name = "Pods-weather-app.release.xcconfig"; path = "Target Support Files/Pods-weather-app/Pods-weather-app.release.xcconfig"; sourceTree = "<group>"; };
		78F6F3D474072218692398C6 /* Pods_weather_app.framework */ = {isa = PBXFileReference; explicitFileType = wrapper.framework; includeInIndex = 0; path = Pods_weather_app.framework; sourceTree = BUILT_PRODUCTS_DIR; };
		89AC7D1F78ED0DBA162433E2 /* Pods-weather-app.debug.xcconfig */ = {isa = PBXFileReference; includeInIndex = 1; lastKnownFileType = text.xcconfig; name = "Pods-weather-app.debug.xcconfig"; path = "Target Support Files/Pods-weather-app/Pods-weather-app.debug.xcconfig"; sourceTree = "<group>"; };
		B910AB2F23AEBB8B001140ED /* DayWeatherBuilder.h */ = {isa = PBXFileReference; lastKnownFileType = sourcecode.c.h; path = DayWeatherBuilder.h; sourceTree = "<group>"; };
		B910AB3023AEBB8B001140ED /* DayWeatherBuilder.m */ = {isa = PBXFileReference; lastKnownFileType = sourcecode.c.objc; path = DayWeatherBuilder.m; sourceTree = "<group>"; };
		B951ED2B23B0B45100F35756 /* NetworkManager.h */ = {isa = PBXFileReference; lastKnownFileType = sourcecode.c.h; path = NetworkManager.h; sourceTree = "<group>"; };
		B951ED2C23B0B45100F35756 /* NetworkManager.m */ = {isa = PBXFileReference; lastKnownFileType = sourcecode.c.objc; path = NetworkManager.m; sourceTree = "<group>"; };
		B951ED2F23B0B46B00F35756 /* WeatherProvider.h */ = {isa = PBXFileReference; lastKnownFileType = sourcecode.c.h; path = WeatherProvider.h; sourceTree = "<group>"; };
		B951ED3023B0B46B00F35756 /* WeatherProvider.m */ = {isa = PBXFileReference; lastKnownFileType = sourcecode.c.objc; path = WeatherProvider.m; sourceTree = "<group>"; };
		B954046123AFF1EF005B51B6 /* StartScreenBuilder.h */ = {isa = PBXFileReference; lastKnownFileType = sourcecode.c.h; path = StartScreenBuilder.h; sourceTree = "<group>"; };
		B954046223AFF1EF005B51B6 /* StartScreenBuilder.m */ = {isa = PBXFileReference; lastKnownFileType = sourcecode.c.objc; path = StartScreenBuilder.m; sourceTree = "<group>"; };
		B954046523B049CF005B51B6 /* MonthWeatherView.h */ = {isa = PBXFileReference; lastKnownFileType = sourcecode.c.h; path = MonthWeatherView.h; sourceTree = "<group>"; };
		B954046623B049CF005B51B6 /* MonthWeatherView.m */ = {isa = PBXFileReference; lastKnownFileType = sourcecode.c.objc; path = MonthWeatherView.m; sourceTree = "<group>"; };
		B954046A23B04A03005B51B6 /* MonthWeatherModel.h */ = {isa = PBXFileReference; lastKnownFileType = sourcecode.c.h; path = MonthWeatherModel.h; sourceTree = "<group>"; };
		B954046B23B04A03005B51B6 /* MonthWeatherModel.m */ = {isa = PBXFileReference; lastKnownFileType = sourcecode.c.objc; path = MonthWeatherModel.m; sourceTree = "<group>"; };
		B954046E23B04A16005B51B6 /* MonthWeatherPresenter.h */ = {isa = PBXFileReference; lastKnownFileType = sourcecode.c.h; path = MonthWeatherPresenter.h; sourceTree = "<group>"; };
		B954046F23B04A16005B51B6 /* MonthWeatherPresenter.m */ = {isa = PBXFileReference; lastKnownFileType = sourcecode.c.objc; path = MonthWeatherPresenter.m; sourceTree = "<group>"; };
		B954047223B04A2A005B51B6 /* MonthWeatherBuilder.h */ = {isa = PBXFileReference; lastKnownFileType = sourcecode.c.h; path = MonthWeatherBuilder.h; sourceTree = "<group>"; };
		B954047323B04A2A005B51B6 /* MonthWeatherBuilder.m */ = {isa = PBXFileReference; lastKnownFileType = sourcecode.c.objc; path = MonthWeatherBuilder.m; sourceTree = "<group>"; };
		B984E0C723B572EB00E62DF3 /* HistoryView.h */ = {isa = PBXFileReference; lastKnownFileType = sourcecode.c.h; path = HistoryView.h; sourceTree = "<group>"; };
		B984E0C823B572EB00E62DF3 /* HistoryView.m */ = {isa = PBXFileReference; lastKnownFileType = sourcecode.c.objc; path = HistoryView.m; sourceTree = "<group>"; };
		B984E0CA23B5736F00E62DF3 /* DatabaseManager.h */ = {isa = PBXFileReference; lastKnownFileType = sourcecode.c.h; path = DatabaseManager.h; sourceTree = "<group>"; };
		B984E0CB23B5736F00E62DF3 /* DatabaseManager.m */ = {isa = PBXFileReference; lastKnownFileType = sourcecode.c.objc; path = DatabaseManager.m; sourceTree = "<group>"; };
		B984E0CE23B5739600E62DF3 /* HistoryProvider.h */ = {isa = PBXFileReference; lastKnownFileType = sourcecode.c.h; path = HistoryProvider.h; sourceTree = "<group>"; };
		B984E0CF23B5739600E62DF3 /* HistoryProvider.m */ = {isa = PBXFileReference; lastKnownFileType = sourcecode.c.objc; path = HistoryProvider.m; sourceTree = "<group>"; };
		B984E0D223B5745800E62DF3 /* DayWeather.h */ = {isa = PBXFileReference; lastKnownFileType = sourcecode.c.h; path = DayWeather.h; sourceTree = "<group>"; };
		B984E0D323B5745800E62DF3 /* DayWeather.m */ = {isa = PBXFileReference; lastKnownFileType = sourcecode.c.objc; path = DayWeather.m; sourceTree = "<group>"; };
		B99C962D23B3ADB400E7D433 /* DayWeatherInfo.h */ = {isa = PBXFileReference; lastKnownFileType = sourcecode.c.h; path = DayWeatherInfo.h; sourceTree = "<group>"; };
		B99C962E23B3ADB400E7D433 /* DayWeatherInfo.m */ = {isa = PBXFileReference; lastKnownFileType = sourcecode.c.objc; path = DayWeatherInfo.m; sourceTree = "<group>"; };
		B99C963323B534C500E7D433 /* MonthTableViewCell.h */ = {isa = PBXFileReference; lastKnownFileType = sourcecode.c.h; path = MonthTableViewCell.h; sourceTree = "<group>"; };
		B99C963423B534C500E7D433 /* MonthTableViewCell.m */ = {isa = PBXFileReference; lastKnownFileType = sourcecode.c.objc; path = MonthTableViewCell.m; sourceTree = "<group>"; };
		B99C963523B534C500E7D433 /* MonthTableViewCell.xib */ = {isa = PBXFileReference; lastKnownFileType = file.xib; path = MonthTableViewCell.xib; sourceTree = "<group>"; };
		B99C963E23B53AF500E7D433 /* HistoryModel.h */ = {isa = PBXFileReference; lastKnownFileType = sourcecode.c.h; path = HistoryModel.h; sourceTree = "<group>"; };
		B99C963F23B53AF500E7D433 /* HistoryModel.m */ = {isa = PBXFileReference; lastKnownFileType = sourcecode.c.objc; path = HistoryModel.m; sourceTree = "<group>"; };
		B99C964223B53B0D00E7D433 /* HistoryPresenter.h */ = {isa = PBXFileReference; lastKnownFileType = sourcecode.c.h; path = HistoryPresenter.h; sourceTree = "<group>"; };
		B99C964323B53B0D00E7D433 /* HistoryPresenter.m */ = {isa = PBXFileReference; lastKnownFileType = sourcecode.c.objc; path = HistoryPresenter.m; sourceTree = "<group>"; };
		B99C964623B53B2000E7D433 /* HistoryBuilder.h */ = {isa = PBXFileReference; lastKnownFileType = sourcecode.c.h; path = HistoryBuilder.h; sourceTree = "<group>"; };
		B99C964723B53B2000E7D433 /* HistoryBuilder.m */ = {isa = PBXFileReference; lastKnownFileType = sourcecode.c.objc; path = HistoryBuilder.m; sourceTree = "<group>"; };
		B99C965A23B5402800E7D433 /* HistoryTableViewCell.h */ = {isa = PBXFileReference; lastKnownFileType = sourcecode.c.h; path = HistoryTableViewCell.h; sourceTree = "<group>"; };
		B99C965B23B5402800E7D433 /* HistoryTableViewCell.m */ = {isa = PBXFileReference; lastKnownFileType = sourcecode.c.objc; path = HistoryTableViewCell.m; sourceTree = "<group>"; };
		B99C965C23B5402800E7D433 /* HistoryTableViewCell.xib */ = {isa = PBXFileReference; lastKnownFileType = file.xib; path = HistoryTableViewCell.xib; sourceTree = "<group>"; };
		B99D853C23ABF044007B118D /* weather-app.app */ = {isa = PBXFileReference; explicitFileType = wrapper.application; includeInIndex = 0; path = "weather-app.app"; sourceTree = BUILT_PRODUCTS_DIR; };
		B99D853F23ABF044007B118D /* AppDelegate.h */ = {isa = PBXFileReference; lastKnownFileType = sourcecode.c.h; path = AppDelegate.h; sourceTree = "<group>"; };
		B99D854023ABF044007B118D /* AppDelegate.m */ = {isa = PBXFileReference; lastKnownFileType = sourcecode.c.objc; path = AppDelegate.m; sourceTree = "<group>"; };
		B99D854223ABF044007B118D /* SceneDelegate.h */ = {isa = PBXFileReference; lastKnownFileType = sourcecode.c.h; path = SceneDelegate.h; sourceTree = "<group>"; };
		B99D854323ABF044007B118D /* SceneDelegate.m */ = {isa = PBXFileReference; lastKnownFileType = sourcecode.c.objc; path = SceneDelegate.m; sourceTree = "<group>"; };
		B99D854923ABF044007B118D /* Base */ = {isa = PBXFileReference; lastKnownFileType = file.storyboard; name = Base; path = Base.lproj/Main.storyboard; sourceTree = "<group>"; };
		B99D854B23ABF046007B118D /* Assets.xcassets */ = {isa = PBXFileReference; lastKnownFileType = folder.assetcatalog; path = Assets.xcassets; sourceTree = "<group>"; };
		B99D854E23ABF046007B118D /* Base */ = {isa = PBXFileReference; lastKnownFileType = file.storyboard; name = Base; path = Base.lproj/LaunchScreen.storyboard; sourceTree = "<group>"; };
		B99D855023ABF046007B118D /* Info.plist */ = {isa = PBXFileReference; lastKnownFileType = text.plist.xml; path = Info.plist; sourceTree = "<group>"; };
		B99D855123ABF046007B118D /* main.m */ = {isa = PBXFileReference; lastKnownFileType = sourcecode.c.objc; path = main.m; sourceTree = "<group>"; };
		B99D856323ABF538007B118D /* StartScreenPresenter.m */ = {isa = PBXFileReference; lastKnownFileType = sourcecode.c.objc; path = StartScreenPresenter.m; sourceTree = "<group>"; };
		B99D856523ABFB37007B118D /* CitiesProvider.h */ = {isa = PBXFileReference; lastKnownFileType = sourcecode.c.h; path = CitiesProvider.h; sourceTree = "<group>"; };
		B99D856623ABFB37007B118D /* CitiesProvider.m */ = {isa = PBXFileReference; lastKnownFileType = sourcecode.c.objc; path = CitiesProvider.m; sourceTree = "<group>"; };
		B9A926CF23AE55F800E816F8 /* DayWeatherView.h */ = {isa = PBXFileReference; lastKnownFileType = sourcecode.c.h; path = DayWeatherView.h; sourceTree = "<group>"; };
		B9A926D023AE55F800E816F8 /* DayWeatherView.m */ = {isa = PBXFileReference; lastKnownFileType = sourcecode.c.objc; path = DayWeatherView.m; sourceTree = "<group>"; };
		B9A926D423AE562600E816F8 /* DayWeatherModel.h */ = {isa = PBXFileReference; lastKnownFileType = sourcecode.c.h; path = DayWeatherModel.h; sourceTree = "<group>"; };
		B9A926D523AE562600E816F8 /* DayWeatherModel.m */ = {isa = PBXFileReference; lastKnownFileType = sourcecode.c.objc; path = DayWeatherModel.m; sourceTree = "<group>"; };
		B9A926D823AE563D00E816F8 /* DayWeatherPresenter.h */ = {isa = PBXFileReference; lastKnownFileType = sourcecode.c.h; path = DayWeatherPresenter.h; sourceTree = "<group>"; };
		B9A926D923AE563D00E816F8 /* DayWeatherPresenter.m */ = {isa = PBXFileReference; lastKnownFileType = sourcecode.c.objc; path = DayWeatherPresenter.m; sourceTree = "<group>"; };
		B9DC194223AEBF370092FEEA /* StartScreenModel.h */ = {isa = PBXFileReference; lastKnownFileType = sourcecode.c.h; path = StartScreenModel.h; sourceTree = "<group>"; };
		B9DC194323AEBF370092FEEA /* StartScreenModel.m */ = {isa = PBXFileReference; lastKnownFileType = sourcecode.c.objc; path = StartScreenModel.m; sourceTree = "<group>"; };
		B9DC194523AEBF510092FEEA /* StartScreenView.h */ = {isa = PBXFileReference; lastKnownFileType = sourcecode.c.h; path = StartScreenView.h; sourceTree = "<group>"; };
		B9DC194623AEBF510092FEEA /* StartScreenView.m */ = {isa = PBXFileReference; lastKnownFileType = sourcecode.c.objc; path = StartScreenView.m; sourceTree = "<group>"; };
		B9F8231623AD8821003BA1CA /* StartScreenPresenter.h */ = {isa = PBXFileReference; fileEncoding = 4; lastKnownFileType = sourcecode.c.h; path = StartScreenPresenter.h; sourceTree = "<group>"; };
/* End PBXFileReference section */

/* Begin PBXFrameworksBuildPhase section */
		B99D853923ABF044007B118D /* Frameworks */ = {
			isa = PBXFrameworksBuildPhase;
			buildActionMask = 2147483647;
			files = (
				1370AFA8267F698CF8087B86 /* Pods_weather_app.framework in Frameworks */,
			);
			runOnlyForDeploymentPostprocessing = 0;
		};
/* End PBXFrameworksBuildPhase section */

/* Begin PBXGroup section */
		0BB4820979BF93C311A965ED /* Frameworks */ = {
			isa = PBXGroup;
			children = (
				78F6F3D474072218692398C6 /* Pods_weather_app.framework */,
			);
			name = Frameworks;
			sourceTree = "<group>";
		};
		B910AB3223AEBB8F001140ED /* Builder */ = {
			isa = PBXGroup;
			children = (
				B910AB2F23AEBB8B001140ED /* DayWeatherBuilder.h */,
				B910AB3023AEBB8B001140ED /* DayWeatherBuilder.m */,
			);
			path = Builder;
			sourceTree = "<group>";
		};
		B921D68223AD876A0080C2A0 /* Presenter */ = {
			isa = PBXGroup;
			children = (
				B9F8231623AD8821003BA1CA /* StartScreenPresenter.h */,
				B99D856323ABF538007B118D /* StartScreenPresenter.m */,
			);
			path = Presenter;
			sourceTree = "<group>";
		};
		B951ED2A23B0B43A00F35756 /* CitiesProvider */ = {
			isa = PBXGroup;
			children = (
				B99D856523ABFB37007B118D /* CitiesProvider.h */,
				B99D856623ABFB37007B118D /* CitiesProvider.m */,
			);
			path = CitiesProvider;
			sourceTree = "<group>";
		};
		B951ED2E23B0B45900F35756 /* NetworkManager */ = {
			isa = PBXGroup;
			children = (
				B951ED2B23B0B45100F35756 /* NetworkManager.h */,
				B951ED2C23B0B45100F35756 /* NetworkManager.m */,
			);
			path = NetworkManager;
			sourceTree = "<group>";
		};
		B951ED3223B0B47100F35756 /* WeatherProvider */ = {
			isa = PBXGroup;
			children = (
				B951ED2F23B0B46B00F35756 /* WeatherProvider.h */,
				B951ED3023B0B46B00F35756 /* WeatherProvider.m */,
				B99C962D23B3ADB400E7D433 /* DayWeatherInfo.h */,
				B99C962E23B3ADB400E7D433 /* DayWeatherInfo.m */,
			);
			path = WeatherProvider;
			sourceTree = "<group>";
		};
		B954046423AFF1F5005B51B6 /* Builder */ = {
			isa = PBXGroup;
			children = (
				B954046123AFF1EF005B51B6 /* StartScreenBuilder.h */,
				B954046223AFF1EF005B51B6 /* StartScreenBuilder.m */,
			);
			path = Builder;
			sourceTree = "<group>";
		};
		B954046823B049D4005B51B6 /* MonthWeatherScreen */ = {
			isa = PBXGroup;
			children = (
				B954046923B049EC005B51B6 /* View */,
				B954046D23B04A07005B51B6 /* Model */,
				B954047123B04A1C005B51B6 /* Presenter */,
				B954047523B04A2F005B51B6 /* Builder */,
			);
			path = MonthWeatherScreen;
			sourceTree = "<group>";
		};
		B954046923B049EC005B51B6 /* View */ = {
			isa = PBXGroup;
			children = (
				B954046523B049CF005B51B6 /* MonthWeatherView.h */,
				B954046623B049CF005B51B6 /* MonthWeatherView.m */,
				B99C963823B534CB00E7D433 /* MonthTableViewCell */,
			);
			path = View;
			sourceTree = "<group>";
		};
		B954046D23B04A07005B51B6 /* Model */ = {
			isa = PBXGroup;
			children = (
				B954046A23B04A03005B51B6 /* MonthWeatherModel.h */,
				B954046B23B04A03005B51B6 /* MonthWeatherModel.m */,
			);
			path = Model;
			sourceTree = "<group>";
		};
		B954047123B04A1C005B51B6 /* Presenter */ = {
			isa = PBXGroup;
			children = (
				B954046E23B04A16005B51B6 /* MonthWeatherPresenter.h */,
				B954046F23B04A16005B51B6 /* MonthWeatherPresenter.m */,
			);
			path = Presenter;
			sourceTree = "<group>";
		};
		B954047523B04A2F005B51B6 /* Builder */ = {
			isa = PBXGroup;
			children = (
				B954047223B04A2A005B51B6 /* MonthWeatherBuilder.h */,
				B954047323B04A2A005B51B6 /* MonthWeatherBuilder.m */,
			);
			path = Builder;
			sourceTree = "<group>";
		};
		B984E0CD23B5737400E62DF3 /* DatabaseManager */ = {
			isa = PBXGroup;
			children = (
				B984E0CA23B5736F00E62DF3 /* DatabaseManager.h */,
				B984E0CB23B5736F00E62DF3 /* DatabaseManager.m */,
			);
			path = DatabaseManager;
			sourceTree = "<group>";
		};
		B984E0D123B5739B00E62DF3 /* HistoryProvider */ = {
			isa = PBXGroup;
			children = (
				B984E0CE23B5739600E62DF3 /* HistoryProvider.h */,
				B984E0CF23B5739600E62DF3 /* HistoryProvider.m */,
				B984E0D523B5745C00E62DF3 /* DayWeather */,
			);
			path = HistoryProvider;
			sourceTree = "<group>";
		};
		B984E0D523B5745C00E62DF3 /* DayWeather */ = {
			isa = PBXGroup;
			children = (
				B984E0D223B5745800E62DF3 /* DayWeather.h */,
				B984E0D323B5745800E62DF3 /* DayWeather.m */,
			);
			path = DayWeather;
			sourceTree = "<group>";
		};
		B99C963823B534CB00E7D433 /* MonthTableViewCell */ = {
			isa = PBXGroup;
			children = (
				B99C963323B534C500E7D433 /* MonthTableViewCell.h */,
				B99C963423B534C500E7D433 /* MonthTableViewCell.m */,
				B99C963523B534C500E7D433 /* MonthTableViewCell.xib */,
			);
			path = MonthTableViewCell;
			sourceTree = "<group>";
		};
		B99C963C23B53ABF00E7D433 /* HistoryScreen */ = {
			isa = PBXGroup;
			children = (
				B99C963D23B53ADD00E7D433 /* View */,
				B99C964123B53AF900E7D433 /* Model */,
				B99C964523B53B1100E7D433 /* Presenter */,
				B99C964923B53B2500E7D433 /* Builder */,
			);
			path = HistoryScreen;
			sourceTree = "<group>";
		};
		B99C963D23B53ADD00E7D433 /* View */ = {
			isa = PBXGroup;
			children = (
				B99C965523B53B9500E7D433 /* HistoryTableViewCell */,
				B984E0C723B572EB00E62DF3 /* HistoryView.h */,
				B984E0C823B572EB00E62DF3 /* HistoryView.m */,
			);
			path = View;
			sourceTree = "<group>";
		};
		B99C964123B53AF900E7D433 /* Model */ = {
			isa = PBXGroup;
			children = (
				B99C963E23B53AF500E7D433 /* HistoryModel.h */,
				B99C963F23B53AF500E7D433 /* HistoryModel.m */,
			);
			path = Model;
			sourceTree = "<group>";
		};
		B99C964523B53B1100E7D433 /* Presenter */ = {
			isa = PBXGroup;
			children = (
				B99C964223B53B0D00E7D433 /* HistoryPresenter.h */,
				B99C964323B53B0D00E7D433 /* HistoryPresenter.m */,
			);
			path = Presenter;
			sourceTree = "<group>";
		};
		B99C964923B53B2500E7D433 /* Builder */ = {
			isa = PBXGroup;
			children = (
				B99C964623B53B2000E7D433 /* HistoryBuilder.h */,
				B99C964723B53B2000E7D433 /* HistoryBuilder.m */,
			);
			path = Builder;
			sourceTree = "<group>";
		};
		B99C965523B53B9500E7D433 /* HistoryTableViewCell */ = {
			isa = PBXGroup;
			children = (
				B99C965A23B5402800E7D433 /* HistoryTableViewCell.h */,
				B99C965B23B5402800E7D433 /* HistoryTableViewCell.m */,
				B99C965C23B5402800E7D433 /* HistoryTableViewCell.xib */,
			);
			path = HistoryTableViewCell;
			sourceTree = "<group>";
		};
		B99D853323ABF044007B118D = {
			isa = PBXGroup;
			children = (
				B99D853E23ABF044007B118D /* weather-app */,
				B99D853D23ABF044007B118D /* Products */,
				FB01570737CC9A589DE502E0 /* Pods */,
				0BB4820979BF93C311A965ED /* Frameworks */,
			);
			sourceTree = "<group>";
		};
		B99D853D23ABF044007B118D /* Products */ = {
			isa = PBXGroup;
			children = (
				B99D853C23ABF044007B118D /* weather-app.app */,
			);
			name = Products;
			sourceTree = "<group>";
		};
		B99D853E23ABF044007B118D /* weather-app */ = {
			isa = PBXGroup;
			children = (
				B99D853F23ABF044007B118D /* AppDelegate.h */,
				B99D854023ABF044007B118D /* AppDelegate.m */,
				B99D854223ABF044007B118D /* SceneDelegate.h */,
				B99D854323ABF044007B118D /* SceneDelegate.m */,
				B99D855B23ABF314007B118D /* StartScreen */,
				B9A926D223AE560400E816F8 /* DayWeatherScreen */,
				B99C963C23B53ABF00E7D433 /* HistoryScreen */,
				B954046823B049D4005B51B6 /* MonthWeatherScreen */,
				B99D856823ABFB3C007B118D /* Utils */,
				B99D854823ABF044007B118D /* Main.storyboard */,
				B99D854B23ABF046007B118D /* Assets.xcassets */,
				B99D854D23ABF046007B118D /* LaunchScreen.storyboard */,
				B99D855023ABF046007B118D /* Info.plist */,
				B99D855123ABF046007B118D /* main.m */,
			);
			path = "weather-app";
			sourceTree = "<group>";
		};
		B99D855B23ABF314007B118D /* StartScreen */ = {
			isa = PBXGroup;
			children = (
				B9DC194123AEBF370092FEEA /* Model */,
				B9DC194423AEBF510092FEEA /* View */,
				B921D68223AD876A0080C2A0 /* Presenter */,
				B954046423AFF1F5005B51B6 /* Builder */,
			);
			path = StartScreen;
			sourceTree = "<group>";
		};
		B99D856823ABFB3C007B118D /* Utils */ = {
			isa = PBXGroup;
			children = (
				B951ED2A23B0B43A00F35756 /* CitiesProvider */,
				B951ED2E23B0B45900F35756 /* NetworkManager */,
				B951ED3223B0B47100F35756 /* WeatherProvider */,
				B984E0CD23B5737400E62DF3 /* DatabaseManager */,
				B984E0D123B5739B00E62DF3 /* HistoryProvider */,
			);
			path = Utils;
			sourceTree = "<group>";
		};
		B9A926D223AE560400E816F8 /* DayWeatherScreen */ = {
			isa = PBXGroup;
			children = (
				B9A926D323AE561400E816F8 /* View */,
				B9A926D723AE562A00E816F8 /* Model */,
				B9A926DB23AE564100E816F8 /* Presenter */,
				B910AB3223AEBB8F001140ED /* Builder */,
			);
			path = DayWeatherScreen;
			sourceTree = "<group>";
		};
		B9A926D323AE561400E816F8 /* View */ = {
			isa = PBXGroup;
			children = (
				B9A926CF23AE55F800E816F8 /* DayWeatherView.h */,
				B9A926D023AE55F800E816F8 /* DayWeatherView.m */,
			);
			path = View;
			sourceTree = "<group>";
		};
		B9A926D723AE562A00E816F8 /* Model */ = {
			isa = PBXGroup;
			children = (
				B9A926D423AE562600E816F8 /* DayWeatherModel.h */,
				B9A926D523AE562600E816F8 /* DayWeatherModel.m */,
			);
			path = Model;
			sourceTree = "<group>";
		};
		B9A926DB23AE564100E816F8 /* Presenter */ = {
			isa = PBXGroup;
			children = (
				B9A926D823AE563D00E816F8 /* DayWeatherPresenter.h */,
				B9A926D923AE563D00E816F8 /* DayWeatherPresenter.m */,
			);
			path = Presenter;
			sourceTree = "<group>";
		};
		B9DC194123AEBF370092FEEA /* Model */ = {
			isa = PBXGroup;
			children = (
				B9DC194223AEBF370092FEEA /* StartScreenModel.h */,
				B9DC194323AEBF370092FEEA /* StartScreenModel.m */,
			);
			path = Model;
			sourceTree = "<group>";
		};
		B9DC194423AEBF510092FEEA /* View */ = {
			isa = PBXGroup;
			children = (
				B9DC194523AEBF510092FEEA /* StartScreenView.h */,
				B9DC194623AEBF510092FEEA /* StartScreenView.m */,
			);
			path = View;
			sourceTree = "<group>";
		};
		FB01570737CC9A589DE502E0 /* Pods */ = {
			isa = PBXGroup;
			children = (
				89AC7D1F78ED0DBA162433E2 /* Pods-weather-app.debug.xcconfig */,
				4CDD3F1A95AA80B44BE46A6A /* Pods-weather-app.release.xcconfig */,
			);
			path = Pods;
			sourceTree = "<group>";
		};
/* End PBXGroup section */

/* Begin PBXNativeTarget section */
		B99D853B23ABF044007B118D /* weather-app */ = {
			isa = PBXNativeTarget;
			buildConfigurationList = B99D855523ABF046007B118D /* Build configuration list for PBXNativeTarget "weather-app" */;
			buildPhases = (
				68B478F7B85C969738CF8E13 /* [CP] Check Pods Manifest.lock */,
				B99D853823ABF044007B118D /* Sources */,
				B99D853923ABF044007B118D /* Frameworks */,
				B99D853A23ABF044007B118D /* Resources */,
				8649B943821D4F691ED13C43 /* [CP] Embed Pods Frameworks */,
			);
			buildRules = (
			);
			dependencies = (
			);
			name = "weather-app";
			productName = "weather-app";
			productReference = B99D853C23ABF044007B118D /* weather-app.app */;
			productType = "com.apple.product-type.application";
		};
/* End PBXNativeTarget section */

/* Begin PBXProject section */
		B99D853423ABF044007B118D /* Project object */ = {
			isa = PBXProject;
			attributes = {
				LastUpgradeCheck = 1130;
				ORGANIZATIONNAME = yenz0redd;
				TargetAttributes = {
					B99D853B23ABF044007B118D = {
						CreatedOnToolsVersion = 11.3;
					};
				};
			};
			buildConfigurationList = B99D853723ABF044007B118D /* Build configuration list for PBXProject "weather-app" */;
			compatibilityVersion = "Xcode 9.3";
			developmentRegion = en;
			hasScannedForEncodings = 0;
			knownRegions = (
				en,
				Base,
			);
			mainGroup = B99D853323ABF044007B118D;
			productRefGroup = B99D853D23ABF044007B118D /* Products */;
			projectDirPath = "";
			projectRoot = "";
			targets = (
				B99D853B23ABF044007B118D /* weather-app */,
			);
		};
/* End PBXProject section */

/* Begin PBXResourcesBuildPhase section */
		B99D853A23ABF044007B118D /* Resources */ = {
			isa = PBXResourcesBuildPhase;
			buildActionMask = 2147483647;
			files = (
				B99C963723B534C500E7D433 /* MonthTableViewCell.xib in Resources */,
				B99C965E23B5402800E7D433 /* HistoryTableViewCell.xib in Resources */,
				B99D854F23ABF046007B118D /* LaunchScreen.storyboard in Resources */,
				B99D854C23ABF046007B118D /* Assets.xcassets in Resources */,
				B99D854A23ABF044007B118D /* Main.storyboard in Resources */,
			);
			runOnlyForDeploymentPostprocessing = 0;
		};
/* End PBXResourcesBuildPhase section */

/* Begin PBXShellScriptBuildPhase section */
		68B478F7B85C969738CF8E13 /* [CP] Check Pods Manifest.lock */ = {
			isa = PBXShellScriptBuildPhase;
			buildActionMask = 2147483647;
			files = (
			);
			inputFileListPaths = (
			);
			inputPaths = (
				"${PODS_PODFILE_DIR_PATH}/Podfile.lock",
				"${PODS_ROOT}/Manifest.lock",
			);
			name = "[CP] Check Pods Manifest.lock";
			outputFileListPaths = (
			);
			outputPaths = (
				"$(DERIVED_FILE_DIR)/Pods-weather-app-checkManifestLockResult.txt",
			);
			runOnlyForDeploymentPostprocessing = 0;
			shellPath = /bin/sh;
			shellScript = "diff \"${PODS_PODFILE_DIR_PATH}/Podfile.lock\" \"${PODS_ROOT}/Manifest.lock\" > /dev/null\nif [ $? != 0 ] ; then\n    # print error to STDERR\n    echo \"error: The sandbox is not in sync with the Podfile.lock. Run 'pod install' or update your CocoaPods installation.\" >&2\n    exit 1\nfi\n# This output is used by Xcode 'outputs' to avoid re-running this script phase.\necho \"SUCCESS\" > \"${SCRIPT_OUTPUT_FILE_0}\"\n";
			showEnvVarsInLog = 0;
		};
		8649B943821D4F691ED13C43 /* [CP] Embed Pods Frameworks */ = {
			isa = PBXShellScriptBuildPhase;
			buildActionMask = 2147483647;
			files = (
			);
			inputFileListPaths = (
				"${PODS_ROOT}/Target Support Files/Pods-weather-app/Pods-weather-app-frameworks-${CONFIGURATION}-input-files.xcfilelist",
			);
			name = "[CP] Embed Pods Frameworks";
			outputFileListPaths = (
				"${PODS_ROOT}/Target Support Files/Pods-weather-app/Pods-weather-app-frameworks-${CONFIGURATION}-output-files.xcfilelist",
			);
			runOnlyForDeploymentPostprocessing = 0;
			shellPath = /bin/sh;
			shellScript = "\"${PODS_ROOT}/Target Support Files/Pods-weather-app/Pods-weather-app-frameworks.sh\"\n";
			showEnvVarsInLog = 0;
		};
/* End PBXShellScriptBuildPhase section */

/* Begin PBXSourcesBuildPhase section */
		B99D853823ABF044007B118D /* Sources */ = {
			isa = PBXSourcesBuildPhase;
			buildActionMask = 2147483647;
			files = (
				B954047023B04A16005B51B6 /* MonthWeatherPresenter.m in Sources */,
				B984E0D023B5739600E62DF3 /* HistoryProvider.m in Sources */,
				B984E0CC23B5736F00E62DF3 /* DatabaseManager.m in Sources */,
				B954046023AFEC18005B51B6 /* StartScreenModel.m in Sources */,
				B99D856423ABF538007B118D /* StartScreenPresenter.m in Sources */,
				B9A926DA23AE563D00E816F8 /* DayWeatherPresenter.m in Sources */,
				B99D854123ABF044007B118D /* AppDelegate.m in Sources */,
				B984E0C923B572EB00E62DF3 /* HistoryView.m in Sources */,
				B99C962F23B3ADB400E7D433 /* DayWeatherInfo.m in Sources */,
				B9A926D123AE55F800E816F8 /* DayWeatherView.m in Sources */,
				B954045F23AFEBD0005B51B6 /* StartScreenView.m in Sources */,
				B99D855223ABF046007B118D /* main.m in Sources */,
				B951ED3123B0B46B00F35756 /* WeatherProvider.m in Sources */,
				B99C964823B53B2000E7D433 /* HistoryBuilder.m in Sources */,
				B99C964023B53AF500E7D433 /* HistoryModel.m in Sources */,
				B954046C23B04A03005B51B6 /* MonthWeatherModel.m in Sources */,
				B99D854423ABF044007B118D /* SceneDelegate.m in Sources */,
				B984E0D423B5745800E62DF3 /* DayWeather.m in Sources */,
				B99D856723ABFB37007B118D /* CitiesProvider.m in Sources */,
				B99C964423B53B0D00E7D433 /* HistoryPresenter.m in Sources */,
				B954047423B04A2A005B51B6 /* MonthWeatherBuilder.m in Sources */,
				B954046723B049CF005B51B6 /* MonthWeatherView.m in Sources */,
				B9A926D623AE562600E816F8 /* DayWeatherModel.m in Sources */,
				B99C963623B534C500E7D433 /* MonthTableViewCell.m in Sources */,
				B954046323AFF1EF005B51B6 /* StartScreenBuilder.m in Sources */,
				B951ED2D23B0B45100F35756 /* NetworkManager.m in Sources */,
				B99C965D23B5402800E7D433 /* HistoryTableViewCell.m in Sources */,
				B910AB3123AEBB8B001140ED /* DayWeatherBuilder.m in Sources */,
			);
			runOnlyForDeploymentPostprocessing = 0;
		};
/* End PBXSourcesBuildPhase section */

/* Begin PBXVariantGroup section */
		B99D854823ABF044007B118D /* Main.storyboard */ = {
			isa = PBXVariantGroup;
			children = (
				B99D854923ABF044007B118D /* Base */,
			);
			name = Main.storyboard;
			sourceTree = "<group>";
		};
		B99D854D23ABF046007B118D /* LaunchScreen.storyboard */ = {
			isa = PBXVariantGroup;
			children = (
				B99D854E23ABF046007B118D /* Base */,
			);
			name = LaunchScreen.storyboard;
			sourceTree = "<group>";
		};
/* End PBXVariantGroup section */

/* Begin XCBuildConfiguration section */
		B99D855323ABF046007B118D /* Debug */ = {
			isa = XCBuildConfiguration;
			buildSettings = {
				ALWAYS_SEARCH_USER_PATHS = NO;
				CLANG_ANALYZER_NONNULL = YES;
				CLANG_ANALYZER_NUMBER_OBJECT_CONVERSION = YES_AGGRESSIVE;
				CLANG_CXX_LANGUAGE_STANDARD = "gnu++14";
				CLANG_CXX_LIBRARY = "libc++";
				CLANG_ENABLE_MODULES = YES;
				CLANG_ENABLE_OBJC_ARC = YES;
				CLANG_ENABLE_OBJC_WEAK = YES;
				CLANG_WARN_BLOCK_CAPTURE_AUTORELEASING = YES;
				CLANG_WARN_BOOL_CONVERSION = YES;
				CLANG_WARN_COMMA = YES;
				CLANG_WARN_CONSTANT_CONVERSION = YES;
				CLANG_WARN_DEPRECATED_OBJC_IMPLEMENTATIONS = YES;
				CLANG_WARN_DIRECT_OBJC_ISA_USAGE = YES_ERROR;
				CLANG_WARN_DOCUMENTATION_COMMENTS = YES;
				CLANG_WARN_EMPTY_BODY = YES;
				CLANG_WARN_ENUM_CONVERSION = YES;
				CLANG_WARN_INFINITE_RECURSION = YES;
				CLANG_WARN_INT_CONVERSION = YES;
				CLANG_WARN_NON_LITERAL_NULL_CONVERSION = YES;
				CLANG_WARN_OBJC_IMPLICIT_RETAIN_SELF = YES;
				CLANG_WARN_OBJC_LITERAL_CONVERSION = YES;
				CLANG_WARN_OBJC_ROOT_CLASS = YES_ERROR;
				CLANG_WARN_RANGE_LOOP_ANALYSIS = YES;
				CLANG_WARN_STRICT_PROTOTYPES = YES;
				CLANG_WARN_SUSPICIOUS_MOVE = YES;
				CLANG_WARN_UNGUARDED_AVAILABILITY = YES_AGGRESSIVE;
				CLANG_WARN_UNREACHABLE_CODE = YES;
				CLANG_WARN__DUPLICATE_METHOD_MATCH = YES;
				COPY_PHASE_STRIP = NO;
				DEBUG_INFORMATION_FORMAT = dwarf;
				ENABLE_STRICT_OBJC_MSGSEND = YES;
				ENABLE_TESTABILITY = YES;
				GCC_C_LANGUAGE_STANDARD = gnu11;
				GCC_DYNAMIC_NO_PIC = NO;
				GCC_NO_COMMON_BLOCKS = YES;
				GCC_OPTIMIZATION_LEVEL = 0;
				GCC_PREPROCESSOR_DEFINITIONS = (
					"DEBUG=1",
					"$(inherited)",
				);
				GCC_WARN_64_TO_32_BIT_CONVERSION = YES;
				GCC_WARN_ABOUT_RETURN_TYPE = YES_ERROR;
				GCC_WARN_UNDECLARED_SELECTOR = YES;
				GCC_WARN_UNINITIALIZED_AUTOS = YES_AGGRESSIVE;
				GCC_WARN_UNUSED_FUNCTION = YES;
				GCC_WARN_UNUSED_VARIABLE = YES;
				IPHONEOS_DEPLOYMENT_TARGET = 13.2;
				MTL_ENABLE_DEBUG_INFO = INCLUDE_SOURCE;
				MTL_FAST_MATH = YES;
				ONLY_ACTIVE_ARCH = YES;
				SDKROOT = iphoneos;
			};
			name = Debug;
		};
		B99D855423ABF046007B118D /* Release */ = {
			isa = XCBuildConfiguration;
			buildSettings = {
				ALWAYS_SEARCH_USER_PATHS = NO;
				CLANG_ANALYZER_NONNULL = YES;
				CLANG_ANALYZER_NUMBER_OBJECT_CONVERSION = YES_AGGRESSIVE;
				CLANG_CXX_LANGUAGE_STANDARD = "gnu++14";
				CLANG_CXX_LIBRARY = "libc++";
				CLANG_ENABLE_MODULES = YES;
				CLANG_ENABLE_OBJC_ARC = YES;
				CLANG_ENABLE_OBJC_WEAK = YES;
				CLANG_WARN_BLOCK_CAPTURE_AUTORELEASING = YES;
				CLANG_WARN_BOOL_CONVERSION = YES;
				CLANG_WARN_COMMA = YES;
				CLANG_WARN_CONSTANT_CONVERSION = YES;
				CLANG_WARN_DEPRECATED_OBJC_IMPLEMENTATIONS = YES;
				CLANG_WARN_DIRECT_OBJC_ISA_USAGE = YES_ERROR;
				CLANG_WARN_DOCUMENTATION_COMMENTS = YES;
				CLANG_WARN_EMPTY_BODY = YES;
				CLANG_WARN_ENUM_CONVERSION = YES;
				CLANG_WARN_INFINITE_RECURSION = YES;
				CLANG_WARN_INT_CONVERSION = YES;
				CLANG_WARN_NON_LITERAL_NULL_CONVERSION = YES;
				CLANG_WARN_OBJC_IMPLICIT_RETAIN_SELF = YES;
				CLANG_WARN_OBJC_LITERAL_CONVERSION = YES;
				CLANG_WARN_OBJC_ROOT_CLASS = YES_ERROR;
				CLANG_WARN_RANGE_LOOP_ANALYSIS = YES;
				CLANG_WARN_STRICT_PROTOTYPES = YES;
				CLANG_WARN_SUSPICIOUS_MOVE = YES;
				CLANG_WARN_UNGUARDED_AVAILABILITY = YES_AGGRESSIVE;
				CLANG_WARN_UNREACHABLE_CODE = YES;
				CLANG_WARN__DUPLICATE_METHOD_MATCH = YES;
				COPY_PHASE_STRIP = NO;
				DEBUG_INFORMATION_FORMAT = "dwarf-with-dsym";
				ENABLE_NS_ASSERTIONS = NO;
				ENABLE_STRICT_OBJC_MSGSEND = YES;
				GCC_C_LANGUAGE_STANDARD = gnu11;
				GCC_NO_COMMON_BLOCKS = YES;
				GCC_WARN_64_TO_32_BIT_CONVERSION = YES;
				GCC_WARN_ABOUT_RETURN_TYPE = YES_ERROR;
				GCC_WARN_UNDECLARED_SELECTOR = YES;
				GCC_WARN_UNINITIALIZED_AUTOS = YES_AGGRESSIVE;
				GCC_WARN_UNUSED_FUNCTION = YES;
				GCC_WARN_UNUSED_VARIABLE = YES;
				IPHONEOS_DEPLOYMENT_TARGET = 13.2;
				MTL_ENABLE_DEBUG_INFO = NO;
				MTL_FAST_MATH = YES;
				SDKROOT = iphoneos;
				VALIDATE_PRODUCT = YES;
			};
			name = Release;
		};
		B99D855623ABF046007B118D /* Debug */ = {
			isa = XCBuildConfiguration;
			baseConfigurationReference = 89AC7D1F78ED0DBA162433E2 /* Pods-weather-app.debug.xcconfig */;
			buildSettings = {
				ASSETCATALOG_COMPILER_APPICON_NAME = AppIcon;
				CODE_SIGN_STYLE = Automatic;
				DEVELOPMENT_TEAM = F69M5SBR3W;
				INFOPLIST_FILE = "weather-app/Info.plist";
				LD_RUNPATH_SEARCH_PATHS = (
					"$(inherited)",
					"@executable_path/Frameworks",
				);
				PRODUCT_BUNDLE_IDENTIFIER = "yenz0redd.weather-app";
				PRODUCT_NAME = "$(TARGET_NAME)";
				TARGETED_DEVICE_FAMILY = "1,2";
			};
			name = Debug;
		};
		B99D855723ABF046007B118D /* Release */ = {
			isa = XCBuildConfiguration;
			baseConfigurationReference = 4CDD3F1A95AA80B44BE46A6A /* Pods-weather-app.release.xcconfig */;
			buildSettings = {
				ASSETCATALOG_COMPILER_APPICON_NAME = AppIcon;
				CODE_SIGN_STYLE = Automatic;
				DEVELOPMENT_TEAM = F69M5SBR3W;
				INFOPLIST_FILE = "weather-app/Info.plist";
				LD_RUNPATH_SEARCH_PATHS = (
					"$(inherited)",
					"@executable_path/Frameworks",
				);
				PRODUCT_BUNDLE_IDENTIFIER = "yenz0redd.weather-app";
				PRODUCT_NAME = "$(TARGET_NAME)";
				TARGETED_DEVICE_FAMILY = "1,2";
			};
			name = Release;
		};
/* End XCBuildConfiguration section */

/* Begin XCConfigurationList section */
		B99D853723ABF044007B118D /* Build configuration list for PBXProject "weather-app" */ = {
			isa = XCConfigurationList;
			buildConfigurations = (
				B99D855323ABF046007B118D /* Debug */,
				B99D855423ABF046007B118D /* Release */,
			);
			defaultConfigurationIsVisible = 0;
			defaultConfigurationName = Release;
		};
		B99D855523ABF046007B118D /* Build configuration list for PBXNativeTarget "weather-app" */ = {
			isa = XCConfigurationList;
			buildConfigurations = (
				B99D855623ABF046007B118D /* Debug */,
				B99D855723ABF046007B118D /* Release */,
			);
			defaultConfigurationIsVisible = 0;
			defaultConfigurationName = Release;
		};
/* End XCConfigurationList section */
	};
	rootObject = B99D853423ABF044007B118D /* Project object */;
}
